
Microsoft Visual Studio Solution File, Format Version 12.00
# Visual Studio Version 17
VisualStudioVersion = 17.8.34511.84
MinimumVisualStudioVersion = 10.0.40219.1
Project("{FAE04EC0-301F-11D3-BF4B-00C04F79EFBC}") = "DiceRollGame", "DiceRollGame\DiceRollGame.csproj", "{1A280CBF-E2F9-4782-971F-A254A364F4F2}"
EndProject
Global
	GlobalSection(SolutionConfigurationPlatforms) = preSolution
		Debug|Any CPU = Debug|Any CPU
		Release|Any CPU = Release|Any CPU
	EndGlobalSection
	GlobalSection(ProjectConfigurationPlatforms) = postSolution
		{1A280CBF-E2F9-4782-971F-A254A364F4F2}.Debug|Any CPU.ActiveCfg = Debug|Any CPU
		{1A280CBF-E2F9-4782-971F-A254A364F4F2}.Debug|Any CPU.Build.0 = Debug|Any CPU
		{1A280CBF-E2F9-4782-971F-A254A364F4F2}.Release|Any CPU.ActiveCfg = Release|Any CPU
		{1A280CBF-E2F9-4782-971F-A254A364F4F2}.Release|Any CPU.Build.0 = Release|Any CPU
	EndGlobalSection
	GlobalSection(SolutionProperties) = preSolution
		HideSolutionNode = FALSE
	EndGlobalSection
	GlobalSection(ExtensibilityGlobals) = postSolution
		SolutionGuid = {9EFE3D1C-556E-4DC3-8533-F61ACEA1D7EC}
	EndGlobalSection
EndGlobal
