
Microsoft Visual Studio Solution File, Format Version 12.00
# Visual Studio Version 17
VisualStudioVersion = 17.8.34330.188
MinimumVisualStudioVersion = 10.0.40219.1
Project("{9A19103F-16F7-4668-BE54-9A1E7A4F7556}") = "M01A02a", "M01A02a\M01A02a.csproj", "{5037C25B-3111-40B8-A1A3-6A505D5ACE5E}"
EndProject
Project("{9A19103F-16F7-4668-BE54-9A1E7A4F7556}") = "M01A02b", "M01A02b\M01A02b.csproj", "{217885CD-93F1-4B01-A932-C017CE04D1B5}"
EndProject
Project("{9A19103F-16F7-4668-BE54-9A1E7A4F7556}") = "M01A02c", "M01A02c\M01A02c.csproj", "{D6C3D8B1-01B6-448B-80BF-3B4CB3329AF3}"
EndProject
Project("{9A19103F-16F7-4668-BE54-9A1E7A4F7556}") = "M01A02d", "namespace M01A02d\M01A02d.csproj", "{84064C34-D9A1-4D81-9DDA-1EDD01E0D490}"
EndProject
Project("{9A19103F-16F7-4668-BE54-9A1E7A4F7556}") = "M01A03", "M01A03\M01A03.csproj", "{EEC85B1D-CA4F-44EE-9D22-EC238EA6AC31}"
EndProject
Project("{9A19103F-16F7-4668-BE54-9A1E7A4F7556}") = "M01A04", "M01A04\M01A04.csproj", "{1633C393-3C43-4640-A690-608FA8F0A74C}"
EndProject
Project("{9A19103F-16F7-4668-BE54-9A1E7A4F7556}") = "M01A05a", "M01A05\M01A05a.csproj", "{9BB17A67-05C1-4D1C-9983-0277971244BD}"
EndProject
Project("{9A19103F-16F7-4668-BE54-9A1E7A4F7556}") = "M01A05b", "M01A05b\M01A05b.csproj", "{E44FD380-171F-40FC-86B9-0A13AFC23AE6}"
EndProject
Project("{9A19103F-16F7-4668-BE54-9A1E7A4F7556}") = "M01A06", "M01A06\M01A06.csproj", "{5EAAD54B-A83C-47CF-9F62-29A4397F952F}"
EndProject
Project("{9A19103F-16F7-4668-BE54-9A1E7A4F7556}") = "M01A07", "M01A07\M01A07.csproj", "{4377D7A9-86D8-445A-9D16-785777C667FB}"
EndProject
Project("{9A19103F-16F7-4668-BE54-9A1E7A4F7556}") = "M01A08a", "M01A08\M01A08a.csproj", "{A0830D93-70D0-4203-8027-3DE8C2648150}"
EndProject
Project("{9A19103F-16F7-4668-BE54-9A1E7A4F7556}") = "M01A08b", "M01A08b\M01A08b.csproj", "{8774A214-C99E-4AA0-AAA5-BB57A18C9FDB}"
EndProject
Project("{9A19103F-16F7-4668-BE54-9A1E7A4F7556}") = "M01A08c", "M01A08c\M01A08c.csproj", "{752E8842-24AF-49F3-9BD6-8F0FF9FCD5D0}"
EndProject
Project("{9A19103F-16F7-4668-BE54-9A1E7A4F7556}") = "M01A08d", "M01A08d\M01A08d.csproj", "{0E9A5EB4-40E1-41E4-8856-DA65DFA6AB18}"
EndProject
Project("{9A19103F-16F7-4668-BE54-9A1E7A4F7556}") = "M01A08e", "M01A08e\M01A08e.csproj", "{7CC18370-BA0D-4A52-8919-269E57096C8A}"
EndProject
Project("{9A19103F-16F7-4668-BE54-9A1E7A4F7556}") = "M01A08f", "M01A08f\M01A08f.csproj", "{C36C0883-E95E-44C0-B781-B8F2C485F022}"
EndProject
Project("{9A19103F-16F7-4668-BE54-9A1E7A4F7556}") = "M01A09", "M01A09\M01A09.csproj", "{AAAA85DD-38BB-424E-88FF-DCE0B4145B45}"
EndProject
Project("{9A19103F-16F7-4668-BE54-9A1E7A4F7556}") = "M01A10", "M01A10\M01A10.csproj", "{5A98CDED-0B6E-4320-B416-B5FD9E55DCED}"
EndProject
Project("{9A19103F-16F7-4668-BE54-9A1E7A4F7556}") = "M01A11a", "M01A11\M01A11a.csproj", "{266960B4-62FB-4728-91AE-AFA216E816CC}"
EndProject
Project("{9A19103F-16F7-4668-BE54-9A1E7A4F7556}") = "M01A11b", "M01A11b\M01A11b.csproj", "{AC60A22F-83ED-49BE-9287-635D67BBFEEF}"
EndProject
Project("{FAE04EC0-301F-11D3-BF4B-00C04F79EFBC}") = "M01A12a", "M01A12a\M01A12a.csproj", "{9B457943-4627-4828-9899-35FB460796ED}"
EndProject
Project("{FAE04EC0-301F-11D3-BF4B-00C04F79EFBC}") = "M01A12b", "M01A12b\M01A12b.csproj", "{F188452F-6058-4D10-8E10-281075B0A57F}"
EndProject
Project("{FAE04EC0-301F-11D3-BF4B-00C04F79EFBC}") = "M01A13a", "M01A13a\M01A13a.csproj", "{21509880-E7D2-4D4A-80F0-7A747F9DC2BA}"
EndProject
Global
	GlobalSection(SolutionConfigurationPlatforms) = preSolution
		Debug|Any CPU = Debug|Any CPU
		Release|Any CPU = Release|Any CPU
	EndGlobalSection
	GlobalSection(ProjectConfigurationPlatforms) = postSolution
		{5037C25B-3111-40B8-A1A3-6A505D5ACE5E}.Debug|Any CPU.ActiveCfg = Debug|Any CPU
		{5037C25B-3111-40B8-A1A3-6A505D5ACE5E}.Debug|Any CPU.Build.0 = Debug|Any CPU
		{5037C25B-3111-40B8-A1A3-6A505D5ACE5E}.Release|Any CPU.ActiveCfg = Release|Any CPU
		{5037C25B-3111-40B8-A1A3-6A505D5ACE5E}.Release|Any CPU.Build.0 = Release|Any CPU
		{217885CD-93F1-4B01-A932-C017CE04D1B5}.Debug|Any CPU.ActiveCfg = Debug|Any CPU
		{217885CD-93F1-4B01-A932-C017CE04D1B5}.Debug|Any CPU.Build.0 = Debug|Any CPU
		{217885CD-93F1-4B01-A932-C017CE04D1B5}.Release|Any CPU.ActiveCfg = Release|Any CPU
		{217885CD-93F1-4B01-A932-C017CE04D1B5}.Release|Any CPU.Build.0 = Release|Any CPU
		{D6C3D8B1-01B6-448B-80BF-3B4CB3329AF3}.Debug|Any CPU.ActiveCfg = Debug|Any CPU
		{D6C3D8B1-01B6-448B-80BF-3B4CB3329AF3}.Debug|Any CPU.Build.0 = Debug|Any CPU
		{D6C3D8B1-01B6-448B-80BF-3B4CB3329AF3}.Release|Any CPU.ActiveCfg = Release|Any CPU
		{D6C3D8B1-01B6-448B-80BF-3B4CB3329AF3}.Release|Any CPU.Build.0 = Release|Any CPU
		{84064C34-D9A1-4D81-9DDA-1EDD01E0D490}.Debug|Any CPU.ActiveCfg = Debug|Any CPU
		{84064C34-D9A1-4D81-9DDA-1EDD01E0D490}.Debug|Any CPU.Build.0 = Debug|Any CPU
		{84064C34-D9A1-4D81-9DDA-1EDD01E0D490}.Release|Any CPU.ActiveCfg = Release|Any CPU
		{84064C34-D9A1-4D81-9DDA-1EDD01E0D490}.Release|Any CPU.Build.0 = Release|Any CPU
		{EEC85B1D-CA4F-44EE-9D22-EC238EA6AC31}.Debug|Any CPU.ActiveCfg = Debug|Any CPU
		{EEC85B1D-CA4F-44EE-9D22-EC238EA6AC31}.Debug|Any CPU.Build.0 = Debug|Any CPU
		{EEC85B1D-CA4F-44EE-9D22-EC238EA6AC31}.Release|Any CPU.ActiveCfg = Release|Any CPU
		{EEC85B1D-CA4F-44EE-9D22-EC238EA6AC31}.Release|Any CPU.Build.0 = Release|Any CPU
		{1633C393-3C43-4640-A690-608FA8F0A74C}.Debug|Any CPU.ActiveCfg = Debug|Any CPU
		{1633C393-3C43-4640-A690-608FA8F0A74C}.Debug|Any CPU.Build.0 = Debug|Any CPU
		{1633C393-3C43-4640-A690-608FA8F0A74C}.Release|Any CPU.ActiveCfg = Release|Any CPU
		{1633C393-3C43-4640-A690-608FA8F0A74C}.Release|Any CPU.Build.0 = Release|Any CPU
		{9BB17A67-05C1-4D1C-9983-0277971244BD}.Debug|Any CPU.ActiveCfg = Debug|Any CPU
		{9BB17A67-05C1-4D1C-9983-0277971244BD}.Debug|Any CPU.Build.0 = Debug|Any CPU
		{9BB17A67-05C1-4D1C-9983-0277971244BD}.Release|Any CPU.ActiveCfg = Release|Any CPU
		{9BB17A67-05C1-4D1C-9983-0277971244BD}.Release|Any CPU.Build.0 = Release|Any CPU
		{E44FD380-171F-40FC-86B9-0A13AFC23AE6}.Debug|Any CPU.ActiveCfg = Debug|Any CPU
		{E44FD380-171F-40FC-86B9-0A13AFC23AE6}.Debug|Any CPU.Build.0 = Debug|Any CPU
		{E44FD380-171F-40FC-86B9-0A13AFC23AE6}.Release|Any CPU.ActiveCfg = Release|Any CPU
		{E44FD380-171F-40FC-86B9-0A13AFC23AE6}.Release|Any CPU.Build.0 = Release|Any CPU
		{5EAAD54B-A83C-47CF-9F62-29A4397F952F}.Debug|Any CPU.ActiveCfg = Debug|Any CPU
		{5EAAD54B-A83C-47CF-9F62-29A4397F952F}.Debug|Any CPU.Build.0 = Debug|Any CPU
		{5EAAD54B-A83C-47CF-9F62-29A4397F952F}.Release|Any CPU.ActiveCfg = Release|Any CPU
		{5EAAD54B-A83C-47CF-9F62-29A4397F952F}.Release|Any CPU.Build.0 = Release|Any CPU
		{4377D7A9-86D8-445A-9D16-785777C667FB}.Debug|Any CPU.ActiveCfg = Debug|Any CPU
		{4377D7A9-86D8-445A-9D16-785777C667FB}.Debug|Any CPU.Build.0 = Debug|Any CPU
		{4377D7A9-86D8-445A-9D16-785777C667FB}.Release|Any CPU.ActiveCfg = Release|Any CPU
		{4377D7A9-86D8-445A-9D16-785777C667FB}.Release|Any CPU.Build.0 = Release|Any CPU
		{A0830D93-70D0-4203-8027-3DE8C2648150}.Debug|Any CPU.ActiveCfg = Debug|Any CPU
		{A0830D93-70D0-4203-8027-3DE8C2648150}.Debug|Any CPU.Build.0 = Debug|Any CPU
		{A0830D93-70D0-4203-8027-3DE8C2648150}.Release|Any CPU.ActiveCfg = Release|Any CPU
		{A0830D93-70D0-4203-8027-3DE8C2648150}.Release|Any CPU.Build.0 = Release|Any CPU
		{8774A214-C99E-4AA0-AAA5-BB57A18C9FDB}.Debug|Any CPU.ActiveCfg = Debug|Any CPU
		{8774A214-C99E-4AA0-AAA5-BB57A18C9FDB}.Debug|Any CPU.Build.0 = Debug|Any CPU
		{8774A214-C99E-4AA0-AAA5-BB57A18C9FDB}.Release|Any CPU.ActiveCfg = Release|Any CPU
		{8774A214-C99E-4AA0-AAA5-BB57A18C9FDB}.Release|Any CPU.Build.0 = Release|Any CPU
		{752E8842-24AF-49F3-9BD6-8F0FF9FCD5D0}.Debug|Any CPU.ActiveCfg = Debug|Any CPU
		{752E8842-24AF-49F3-9BD6-8F0FF9FCD5D0}.Debug|Any CPU.Build.0 = Debug|Any CPU
		{752E8842-24AF-49F3-9BD6-8F0FF9FCD5D0}.Release|Any CPU.ActiveCfg = Release|Any CPU
		{752E8842-24AF-49F3-9BD6-8F0FF9FCD5D0}.Release|Any CPU.Build.0 = Release|Any CPU
		{0E9A5EB4-40E1-41E4-8856-DA65DFA6AB18}.Debug|Any CPU.ActiveCfg = Debug|Any CPU
		{0E9A5EB4-40E1-41E4-8856-DA65DFA6AB18}.Debug|Any CPU.Build.0 = Debug|Any CPU
		{0E9A5EB4-40E1-41E4-8856-DA65DFA6AB18}.Release|Any CPU.ActiveCfg = Release|Any CPU
		{0E9A5EB4-40E1-41E4-8856-DA65DFA6AB18}.Release|Any CPU.Build.0 = Release|Any CPU
		{7CC18370-BA0D-4A52-8919-269E57096C8A}.Debug|Any CPU.ActiveCfg = Debug|Any CPU
		{7CC18370-BA0D-4A52-8919-269E57096C8A}.Debug|Any CPU.Build.0 = Debug|Any CPU
		{7CC18370-BA0D-4A52-8919-269E57096C8A}.Release|Any CPU.ActiveCfg = Release|Any CPU
		{7CC18370-BA0D-4A52-8919-269E57096C8A}.Release|Any CPU.Build.0 = Release|Any CPU
		{C36C0883-E95E-44C0-B781-B8F2C485F022}.Debug|Any CPU.ActiveCfg = Debug|Any CPU
		{C36C0883-E95E-44C0-B781-B8F2C485F022}.Debug|Any CPU.Build.0 = Debug|Any CPU
		{C36C0883-E95E-44C0-B781-B8F2C485F022}.Release|Any CPU.ActiveCfg = Release|Any CPU
		{C36C0883-E95E-44C0-B781-B8F2C485F022}.Release|Any CPU.Build.0 = Release|Any CPU
		{AAAA85DD-38BB-424E-88FF-DCE0B4145B45}.Debug|Any CPU.ActiveCfg = Debug|Any CPU
		{AAAA85DD-38BB-424E-88FF-DCE0B4145B45}.Debug|Any CPU.Build.0 = Debug|Any CPU
		{AAAA85DD-38BB-424E-88FF-DCE0B4145B45}.Release|Any CPU.ActiveCfg = Release|Any CPU
		{AAAA85DD-38BB-424E-88FF-DCE0B4145B45}.Release|Any CPU.Build.0 = Release|Any CPU
		{5A98CDED-0B6E-4320-B416-B5FD9E55DCED}.Debug|Any CPU.ActiveCfg = Debug|Any CPU
		{5A98CDED-0B6E-4320-B416-B5FD9E55DCED}.Debug|Any CPU.Build.0 = Debug|Any CPU
		{5A98CDED-0B6E-4320-B416-B5FD9E55DCED}.Release|Any CPU.ActiveCfg = Release|Any CPU
		{5A98CDED-0B6E-4320-B416-B5FD9E55DCED}.Release|Any CPU.Build.0 = Release|Any CPU
		{266960B4-62FB-4728-91AE-AFA216E816CC}.Debug|Any CPU.ActiveCfg = Debug|Any CPU
		{266960B4-62FB-4728-91AE-AFA216E816CC}.Debug|Any CPU.Build.0 = Debug|Any CPU
		{266960B4-62FB-4728-91AE-AFA216E816CC}.Release|Any CPU.ActiveCfg = Release|Any CPU
		{266960B4-62FB-4728-91AE-AFA216E816CC}.Release|Any CPU.Build.0 = Release|Any CPU
		{AC60A22F-83ED-49BE-9287-635D67BBFEEF}.Debug|Any CPU.ActiveCfg = Debug|Any CPU
		{AC60A22F-83ED-49BE-9287-635D67BBFEEF}.Debug|Any CPU.Build.0 = Debug|Any CPU
		{AC60A22F-83ED-49BE-9287-635D67BBFEEF}.Release|Any CPU.ActiveCfg = Release|Any CPU
		{AC60A22F-83ED-49BE-9287-635D67BBFEEF}.Release|Any CPU.Build.0 = Release|Any CPU
		{9B457943-4627-4828-9899-35FB460796ED}.Debug|Any CPU.ActiveCfg = Debug|Any CPU
		{9B457943-4627-4828-9899-35FB460796ED}.Debug|Any CPU.Build.0 = Debug|Any CPU
		{9B457943-4627-4828-9899-35FB460796ED}.Release|Any CPU.ActiveCfg = Release|Any CPU
		{9B457943-4627-4828-9899-35FB460796ED}.Release|Any CPU.Build.0 = Release|Any CPU
		{F188452F-6058-4D10-8E10-281075B0A57F}.Debug|Any CPU.ActiveCfg = Debug|Any CPU
		{F188452F-6058-4D10-8E10-281075B0A57F}.Debug|Any CPU.Build.0 = Debug|Any CPU
		{F188452F-6058-4D10-8E10-281075B0A57F}.Release|Any CPU.ActiveCfg = Release|Any CPU
		{F188452F-6058-4D10-8E10-281075B0A57F}.Release|Any CPU.Build.0 = Release|Any CPU
		{21509880-E7D2-4D4A-80F0-7A747F9DC2BA}.Debug|Any CPU.ActiveCfg = Debug|Any CPU
		{21509880-E7D2-4D4A-80F0-7A747F9DC2BA}.Debug|Any CPU.Build.0 = Debug|Any CPU
		{21509880-E7D2-4D4A-80F0-7A747F9DC2BA}.Release|Any CPU.ActiveCfg = Release|Any CPU
		{21509880-E7D2-4D4A-80F0-7A747F9DC2BA}.Release|Any CPU.Build.0 = Release|Any CPU
	EndGlobalSection
	GlobalSection(SolutionProperties) = preSolution
		HideSolutionNode = FALSE
	EndGlobalSection
	GlobalSection(ExtensibilityGlobals) = postSolution
		SolutionGuid = {2028C8B4-4DC1-4455-80AD-19BD8A2E3862}
	EndGlobalSection
EndGlobal
